
Microsoft Visual Studio Solution File, Format Version 12.00
# Visual Studio 15
VisualStudioVersion = 15.0.28010.2050
MinimumVisualStudioVersion = 10.0.40219.1
Project("{FAE04EC0-301F-11D3-BF4B-00C04F79EFBC}") = "friendcognition.Android", "friendcognition\friendcognition.Android\friendcognition.Android.csproj", "{D70E63CB-9AAA-4F98-81F7-92B381CEA53D}"
EndProject
Project("{FAE04EC0-301F-11D3-BF4B-00C04F79EFBC}") = "friendcognition", "friendcognition\friendcognition\friendcognition.csproj", "{F6007A89-DE66-4ED4-8B76-A33ACE1C680D}"
EndProject
Global
	GlobalSection(SolutionConfigurationPlatforms) = preSolution
		Debug|Any CPU = Debug|Any CPU
		Release|Any CPU = Release|Any CPU
	EndGlobalSection
	GlobalSection(ProjectConfigurationPlatforms) = postSolution
		{D70E63CB-9AAA-4F98-81F7-92B381CEA53D}.Debug|Any CPU.ActiveCfg = Debug|Any CPU
		{D70E63CB-9AAA-4F98-81F7-92B381CEA53D}.Debug|Any CPU.Build.0 = Debug|Any CPU
		{D70E63CB-9AAA-4F98-81F7-92B381CEA53D}.Debug|Any CPU.Deploy.0 = Debug|Any CPU
		{D70E63CB-9AAA-4F98-81F7-92B381CEA53D}.Release|Any CPU.ActiveCfg = Release|Any CPU
		{D70E63CB-9AAA-4F98-81F7-92B381CEA53D}.Release|Any CPU.Build.0 = Release|Any CPU
		{D70E63CB-9AAA-4F98-81F7-92B381CEA53D}.Release|Any CPU.Deploy.0 = Release|Any CPU
		{F6007A89-DE66-4ED4-8B76-A33ACE1C680D}.Debug|Any CPU.ActiveCfg = Debug|Any CPU
		{F6007A89-DE66-4ED4-8B76-A33ACE1C680D}.Debug|Any CPU.Build.0 = Debug|Any CPU
		{F6007A89-DE66-4ED4-8B76-A33ACE1C680D}.Release|Any CPU.ActiveCfg = Release|Any CPU
		{F6007A89-DE66-4ED4-8B76-A33ACE1C680D}.Release|Any CPU.Build.0 = Release|Any CPU
	EndGlobalSection
	GlobalSection(SolutionProperties) = preSolution
		HideSolutionNode = FALSE
	EndGlobalSection
	GlobalSection(ExtensibilityGlobals) = postSolution
		SolutionGuid = {AB8DB163-EB64-4ACE-8529-1AF17D4AD873}
	EndGlobalSection
EndGlobal
